{
  "originHash" : "c10ecf322e68228560e02146b34f206332b903ffd1754e900e69113ab4508b83",
  "pins" : [
    {
      "identity" : "pingx",
      "kind" : "remoteSourceControl",
      "location" : "https://github.com/shineRR/pingx",
      "state" : {
        "revision" : "3fd8211bde0ce53e33ae9c27f8807a379ba78d21",
        "version" : "1.1.0"
      }
    }
  ],
  "version" : 3
}
